
Microsoft Visual Studio Solution File, Format Version 12.00
# Visual Studio Version 16
VisualStudioVersion = 16.0.32126.315
MinimumVisualStudioVersion = 10.0.40219.1
Project("{FAE04EC0-301F-11D3-BF4B-00C04F79EFBC}") = "7.Task1", "7.Task1\7.Task1.csproj", "{A9AEF13A-C0C7-44AE-B656-B8CBC9E68311}"
EndProject
Project("{FAE04EC0-301F-11D3-BF4B-00C04F79EFBC}") = "7.Task2", "7.Task2\7.Task2.csproj", "{EC22A55F-AD3A-481A-9194-A3F42B855F64}"
EndProject
Global
	GlobalSection(SolutionConfigurationPlatforms) = preSolution
		Debug|Any CPU = Debug|Any CPU
		Release|Any CPU = Release|Any CPU
	EndGlobalSection
	GlobalSection(ProjectConfigurationPlatforms) = postSolution
		{A9AEF13A-C0C7-44AE-B656-B8CBC9E68311}.Debug|Any CPU.ActiveCfg = Debug|Any CPU
		{A9AEF13A-C0C7-44AE-B656-B8CBC9E68311}.Debug|Any CPU.Build.0 = Debug|Any CPU
		{A9AEF13A-C0C7-44AE-B656-B8CBC9E68311}.Release|Any CPU.ActiveCfg = Release|Any CPU
		{A9AEF13A-C0C7-44AE-B656-B8CBC9E68311}.Release|Any CPU.Build.0 = Release|Any CPU
		{EC22A55F-AD3A-481A-9194-A3F42B855F64}.Debug|Any CPU.ActiveCfg = Debug|Any CPU
		{EC22A55F-AD3A-481A-9194-A3F42B855F64}.Debug|Any CPU.Build.0 = Debug|Any CPU
		{EC22A55F-AD3A-481A-9194-A3F42B855F64}.Release|Any CPU.ActiveCfg = Release|Any CPU
		{EC22A55F-AD3A-481A-9194-A3F42B855F64}.Release|Any CPU.Build.0 = Release|Any CPU
	EndGlobalSection
	GlobalSection(SolutionProperties) = preSolution
		HideSolutionNode = FALSE
	EndGlobalSection
	GlobalSection(ExtensibilityGlobals) = postSolution
		SolutionGuid = {63F1572F-395A-429B-B80D-5941655A2616}
	EndGlobalSection
EndGlobal
